
Microsoft Visual Studio Solution File, Format Version 12.00
# Visual Studio Version 17
VisualStudioVersion = 17.2.32526.322
MinimumVisualStudioVersion = 10.0.40219.1
Project("{9A19103F-16F7-4668-BE54-9A1E7A4F7556}") = "CodingTaskReact", "CodingTaskReact\CodingTaskReact.csproj", "{0600353A-EC2A-4487-B66D-D929A68219A7}"
EndProject
Project("{9A19103F-16F7-4668-BE54-9A1E7A4F7556}") = "Cleverbit.CodingTask.Utilities", "Cleverbit.CodingTask.Utilities\Cleverbit.CodingTask.Utilities.csproj", "{6A06ABE9-2006-447A-8066-195361A1F694}"
EndProject
Project("{9A19103F-16F7-4668-BE54-9A1E7A4F7556}") = "Cleverbit.CodingTask.Data", "Cleverbit.CodingTask.Data\Cleverbit.CodingTask.Data.csproj", "{25082D61-FA08-4FD0-8558-D906A041621D}"
EndProject
Project("{2150E333-8FDC-42A3-9474-1A3956D46DE8}") = "Solution Items", "Solution Items", "{62CC055B-58F2-48C8-9E8D-4CB5E658ECDB}"
	ProjectSection(SolutionItems) = preProject
		Readme.txt = Readme.txt
	EndProjectSection
EndProject
Global
	GlobalSection(SolutionConfigurationPlatforms) = preSolution
		Debug|Any CPU = Debug|Any CPU
		Release|Any CPU = Release|Any CPU
	EndGlobalSection
	GlobalSection(ProjectConfigurationPlatforms) = postSolution
		{0600353A-EC2A-4487-B66D-D929A68219A7}.Debug|Any CPU.ActiveCfg = Debug|Any CPU
		{0600353A-EC2A-4487-B66D-D929A68219A7}.Debug|Any CPU.Build.0 = Debug|Any CPU
		{0600353A-EC2A-4487-B66D-D929A68219A7}.Release|Any CPU.ActiveCfg = Release|Any CPU
		{0600353A-EC2A-4487-B66D-D929A68219A7}.Release|Any CPU.Build.0 = Release|Any CPU
		{6A06ABE9-2006-447A-8066-195361A1F694}.Debug|Any CPU.ActiveCfg = Debug|Any CPU
		{6A06ABE9-2006-447A-8066-195361A1F694}.Debug|Any CPU.Build.0 = Debug|Any CPU
		{6A06ABE9-2006-447A-8066-195361A1F694}.Release|Any CPU.ActiveCfg = Release|Any CPU
		{6A06ABE9-2006-447A-8066-195361A1F694}.Release|Any CPU.Build.0 = Release|Any CPU
		{25082D61-FA08-4FD0-8558-D906A041621D}.Debug|Any CPU.ActiveCfg = Debug|Any CPU
		{25082D61-FA08-4FD0-8558-D906A041621D}.Debug|Any CPU.Build.0 = Debug|Any CPU
		{25082D61-FA08-4FD0-8558-D906A041621D}.Release|Any CPU.ActiveCfg = Release|Any CPU
		{25082D61-FA08-4FD0-8558-D906A041621D}.Release|Any CPU.Build.0 = Release|Any CPU
	EndGlobalSection
	GlobalSection(SolutionProperties) = preSolution
		HideSolutionNode = FALSE
	EndGlobalSection
	GlobalSection(ExtensibilityGlobals) = postSolution
		SolutionGuid = {08D16ABD-CC70-44D9-8713-EDBEF405D274}
	EndGlobalSection
EndGlobal
